
Microsoft Visual Studio Solution File, Format Version 12.00
# Visual Studio Version 17
VisualStudioVersion = 17.6.33617.297
MinimumVisualStudioVersion = 10.0.40219.1
Project("{9A19103F-16F7-4668-BE54-9A1E7A4F7556}") = "Twileloop.Timezone", "Twileloop.Timezone\Twileloop.Timezone.csproj", "{46D06D7E-4B18-4EF6-93D0-ED86644E1501}"
EndProject
Project("{FAE04EC0-301F-11D3-BF4B-00C04F79EFBC}") = "Twileloop.Timezone.Demo", "Twileloop.Timezone.Demo\Twileloop.Timezone.Demo.csproj", "{9288A145-972C-4C9D-A6D8-E26DB68986A3}"
EndProject
Global
	GlobalSection(SolutionConfigurationPlatforms) = preSolution
		Debug|Any CPU = Debug|Any CPU
		Release|Any CPU = Release|Any CPU
	EndGlobalSection
	GlobalSection(ProjectConfigurationPlatforms) = postSolution
		{46D06D7E-4B18-4EF6-93D0-ED86644E1501}.Debug|Any CPU.ActiveCfg = Debug|Any CPU
		{46D06D7E-4B18-4EF6-93D0-ED86644E1501}.Debug|Any CPU.Build.0 = Debug|Any CPU
		{46D06D7E-4B18-4EF6-93D0-ED86644E1501}.Release|Any CPU.ActiveCfg = Release|Any CPU
		{46D06D7E-4B18-4EF6-93D0-ED86644E1501}.Release|Any CPU.Build.0 = Release|Any CPU
		{9288A145-972C-4C9D-A6D8-E26DB68986A3}.Debug|Any CPU.ActiveCfg = Debug|Any CPU
		{9288A145-972C-4C9D-A6D8-E26DB68986A3}.Debug|Any CPU.Build.0 = Debug|Any CPU
		{9288A145-972C-4C9D-A6D8-E26DB68986A3}.Release|Any CPU.ActiveCfg = Release|Any CPU
		{9288A145-972C-4C9D-A6D8-E26DB68986A3}.Release|Any CPU.Build.0 = Release|Any CPU
	EndGlobalSection
	GlobalSection(SolutionProperties) = preSolution
		HideSolutionNode = FALSE
	EndGlobalSection
	GlobalSection(ExtensibilityGlobals) = postSolution
		SolutionGuid = {8EACB6C7-D473-4CA3-A1B8-3922C982743D}
	EndGlobalSection
EndGlobal
